
Microsoft Visual Studio Solution File, Format Version 12.00
# Visual Studio Version 17
VisualStudioVersion = 17.10.35027.167
MinimumVisualStudioVersion = 10.0.40219.1
Project("{FAE04EC0-301F-11D3-BF4B-00C04F79EFBC}") = "HTTPClient", "HTTPClient\HTTPClient.csproj", "{A8E73481-17B0-428F-BCB2-125324970B3A}"
EndProject
Global
	GlobalSection(SolutionConfigurationPlatforms) = preSolution
		Debug|Any CPU = Debug|Any CPU
		Release|Any CPU = Release|Any CPU
	EndGlobalSection
	GlobalSection(ProjectConfigurationPlatforms) = postSolution
		{A8E73481-17B0-428F-BCB2-125324970B3A}.Debug|Any CPU.ActiveCfg = Debug|Any CPU
		{A8E73481-17B0-428F-BCB2-125324970B3A}.Debug|Any CPU.Build.0 = Debug|Any CPU
		{A8E73481-17B0-428F-BCB2-125324970B3A}.Debug|Any CPU.Deploy.0 = Debug|Any CPU
		{A8E73481-17B0-428F-BCB2-125324970B3A}.Release|Any CPU.ActiveCfg = Release|Any CPU
		{A8E73481-17B0-428F-BCB2-125324970B3A}.Release|Any CPU.Build.0 = Release|Any CPU
		{A8E73481-17B0-428F-BCB2-125324970B3A}.Release|Any CPU.Deploy.0 = Release|Any CPU
	EndGlobalSection
	GlobalSection(SolutionProperties) = preSolution
		HideSolutionNode = FALSE
	EndGlobalSection
	GlobalSection(ExtensibilityGlobals) = postSolution
		SolutionGuid = {B4A6C67C-CD58-4218-91FA-AE5432A4F310}
	EndGlobalSection
EndGlobal
